
Microsoft Visual Studio Solution File, Format Version 12.00
# Visual Studio Version 17
VisualStudioVersion = 17.14.36414.22
MinimumVisualStudioVersion = 10.0.40219.1
Project("{FAE04EC0-301F-11D3-BF4B-00C04F79EFBC}") = "PopQuiz.Demo", "PopQuiz.Demo\PopQuiz.Demo.csproj", "{7638EDAA-FAEC-420D-9B60-5ECBAC30E823}"
EndProject
Project("{FAE04EC0-301F-11D3-BF4B-00C04F79EFBC}") = "Business", "Business\Business.csproj", "{31AB10B0-649B-4FFF-B21F-32E87602AE46}"
EndProject
Project("{2150E333-8FDC-42A3-9474-1A3956D46DE8}") = "Test", "Test", "{02EA681E-C7D8-13C7-8484-4AC65E1B71E8}"
EndProject
Project("{FAE04EC0-301F-11D3-BF4B-00C04F79EFBC}") = "BusinessTest", "BusinessTest\BusinessTest.csproj", "{243EC616-6AD6-4761-A53B-0A7B40960561}"
EndProject
Global
	GlobalSection(SolutionConfigurationPlatforms) = preSolution
		Debug|Any CPU = Debug|Any CPU
		Release|Any CPU = Release|Any CPU
	EndGlobalSection
	GlobalSection(ProjectConfigurationPlatforms) = postSolution
		{7638EDAA-FAEC-420D-9B60-5ECBAC30E823}.Debug|Any CPU.ActiveCfg = Debug|Any CPU
		{7638EDAA-FAEC-420D-9B60-5ECBAC30E823}.Debug|Any CPU.Build.0 = Debug|Any CPU
		{7638EDAA-FAEC-420D-9B60-5ECBAC30E823}.Release|Any CPU.ActiveCfg = Release|Any CPU
		{7638EDAA-FAEC-420D-9B60-5ECBAC30E823}.Release|Any CPU.Build.0 = Release|Any CPU
		{31AB10B0-649B-4FFF-B21F-32E87602AE46}.Debug|Any CPU.ActiveCfg = Debug|Any CPU
		{31AB10B0-649B-4FFF-B21F-32E87602AE46}.Debug|Any CPU.Build.0 = Debug|Any CPU
		{31AB10B0-649B-4FFF-B21F-32E87602AE46}.Release|Any CPU.ActiveCfg = Release|Any CPU
		{31AB10B0-649B-4FFF-B21F-32E87602AE46}.Release|Any CPU.Build.0 = Release|Any CPU
		{243EC616-6AD6-4761-A53B-0A7B40960561}.Debug|Any CPU.ActiveCfg = Debug|Any CPU
		{243EC616-6AD6-4761-A53B-0A7B40960561}.Debug|Any CPU.Build.0 = Debug|Any CPU
		{243EC616-6AD6-4761-A53B-0A7B40960561}.Release|Any CPU.ActiveCfg = Release|Any CPU
		{243EC616-6AD6-4761-A53B-0A7B40960561}.Release|Any CPU.Build.0 = Release|Any CPU
	EndGlobalSection
	GlobalSection(SolutionProperties) = preSolution
		HideSolutionNode = FALSE
	EndGlobalSection
	GlobalSection(NestedProjects) = preSolution
		{243EC616-6AD6-4761-A53B-0A7B40960561} = {02EA681E-C7D8-13C7-8484-4AC65E1B71E8}
	EndGlobalSection
	GlobalSection(ExtensibilityGlobals) = postSolution
		SolutionGuid = {2EA2D437-1D02-42C4-8CFE-4C82DF8157D4}
	EndGlobalSection
EndGlobal
